
Microsoft Visual Studio Solution File, Format Version 12.00
# Visual Studio Version 16
VisualStudioVersion = 16.0.28803.352
MinimumVisualStudioVersion = 10.0.40219.1
Project("{FAE04EC0-301F-11D3-BF4B-00C04F79EFBC}") = "InteropExample", "InteropExample\InteropExample.csproj", "{C7B81533-032E-4868-B2D3-038A51B4B18C}"
EndProject
Project("{8BC9CEB8-8B4A-11D0-8D11-00A0C91BC942}") = "Backend", "Backend\Backend.vcxproj", "{A2F44D07-85CD-4439-8DB8-A222564017D7}"
EndProject
Global
	GlobalSection(SolutionConfigurationPlatforms) = preSolution
		Debug|Any CPU = Debug|Any CPU
		Debug|x64 = Debug|x64
		Debug|x86 = Debug|x86
		Release|Any CPU = Release|Any CPU
		Release|x64 = Release|x64
		Release|x86 = Release|x86
	EndGlobalSection
	GlobalSection(ProjectConfigurationPlatforms) = postSolution
		{C7B81533-032E-4868-B2D3-038A51B4B18C}.Debug|Any CPU.ActiveCfg = Debug|Any CPU
		{C7B81533-032E-4868-B2D3-038A51B4B18C}.Debug|Any CPU.Build.0 = Debug|Any CPU
		{C7B81533-032E-4868-B2D3-038A51B4B18C}.Debug|x64.ActiveCfg = Debug|Any CPU
		{C7B81533-032E-4868-B2D3-038A51B4B18C}.Debug|x64.Build.0 = Debug|Any CPU
		{C7B81533-032E-4868-B2D3-038A51B4B18C}.Debug|x86.ActiveCfg = Debug|Any CPU
		{C7B81533-032E-4868-B2D3-038A51B4B18C}.Debug|x86.Build.0 = Debug|Any CPU
		{C7B81533-032E-4868-B2D3-038A51B4B18C}.Release|Any CPU.ActiveCfg = Debug|Any CPU
		{C7B81533-032E-4868-B2D3-038A51B4B18C}.Release|Any CPU.Build.0 = Debug|Any CPU
		{C7B81533-032E-4868-B2D3-038A51B4B18C}.Release|x64.ActiveCfg = Release|Any CPU
		{C7B81533-032E-4868-B2D3-038A51B4B18C}.Release|x64.Build.0 = Release|Any CPU
		{C7B81533-032E-4868-B2D3-038A51B4B18C}.Release|x86.ActiveCfg = Release|Any CPU
		{C7B81533-032E-4868-B2D3-038A51B4B18C}.Release|x86.Build.0 = Release|Any CPU
		{A2F44D07-85CD-4439-8DB8-A222564017D7}.Debug|Any CPU.ActiveCfg = Debug|Win32
		{A2F44D07-85CD-4439-8DB8-A222564017D7}.Debug|Any CPU.Build.0 = Debug|Win32
		{A2F44D07-85CD-4439-8DB8-A222564017D7}.Debug|x64.ActiveCfg = Debug|x64
		{A2F44D07-85CD-4439-8DB8-A222564017D7}.Debug|x64.Build.0 = Debug|x64
		{A2F44D07-85CD-4439-8DB8-A222564017D7}.Debug|x86.ActiveCfg = Debug|Win32
		{A2F44D07-85CD-4439-8DB8-A222564017D7}.Debug|x86.Build.0 = Debug|Win32
		{A2F44D07-85CD-4439-8DB8-A222564017D7}.Release|Any CPU.ActiveCfg = Debug|Win32
		{A2F44D07-85CD-4439-8DB8-A222564017D7}.Release|x64.ActiveCfg = Release|x64
		{A2F44D07-85CD-4439-8DB8-A222564017D7}.Release|x64.Build.0 = Release|x64
		{A2F44D07-85CD-4439-8DB8-A222564017D7}.Release|x86.ActiveCfg = Release|Win32
		{A2F44D07-85CD-4439-8DB8-A222564017D7}.Release|x86.Build.0 = Release|Win32
	EndGlobalSection
	GlobalSection(SolutionProperties) = preSolution
		HideSolutionNode = FALSE
	EndGlobalSection
	GlobalSection(ExtensibilityGlobals) = postSolution
		SolutionGuid = {197BAD2A-4AE1-4259-8978-0D97BBD287DF}
	EndGlobalSection
EndGlobal
